
Microsoft Visual Studio Solution File, Format Version 12.00
# Visual Studio Version 17
VisualStudioVersion = 17.10.35013.160
MinimumVisualStudioVersion = 10.0.40219.1
Project("{9A19103F-16F7-4668-BE54-9A1E7A4F7556}") = "Cosmoray", "Cosmoray.csproj", "{988A03DF-A244-4DCE-A544-689A1EE5190A}"
EndProject
Project("{9A19103F-16F7-4668-BE54-9A1E7A4F7556}") = "MTLib", "..\MTLib\MTLib.csproj", "{B5D307F3-7C7B-45D0-AB62-765349C18954}"
EndProject
Global
	GlobalSection(SolutionConfigurationPlatforms) = preSolution
		Debug|Any CPU = Debug|Any CPU
		Release|Any CPU = Release|Any CPU
	EndGlobalSection
	GlobalSection(ProjectConfigurationPlatforms) = postSolution
		{988A03DF-A244-4DCE-A544-689A1EE5190A}.Debug|Any CPU.ActiveCfg = Debug|Any CPU
		{988A03DF-A244-4DCE-A544-689A1EE5190A}.Debug|Any CPU.Build.0 = Debug|Any CPU
		{988A03DF-A244-4DCE-A544-689A1EE5190A}.Release|Any CPU.ActiveCfg = Release|Any CPU
		{988A03DF-A244-4DCE-A544-689A1EE5190A}.Release|Any CPU.Build.0 = Release|Any CPU
		{B5D307F3-7C7B-45D0-AB62-765349C18954}.Debug|Any CPU.ActiveCfg = Debug|Any CPU
		{B5D307F3-7C7B-45D0-AB62-765349C18954}.Debug|Any CPU.Build.0 = Debug|Any CPU
		{B5D307F3-7C7B-45D0-AB62-765349C18954}.Release|Any CPU.ActiveCfg = Release|Any CPU
		{B5D307F3-7C7B-45D0-AB62-765349C18954}.Release|Any CPU.Build.0 = Release|Any CPU
	EndGlobalSection
	GlobalSection(SolutionProperties) = preSolution
		HideSolutionNode = FALSE
	EndGlobalSection
	GlobalSection(ExtensibilityGlobals) = postSolution
		SolutionGuid = {AC34F5C9-A9ED-47A1-8ECA-B572D718C243}
	EndGlobalSection
EndGlobal
